
Microsoft Visual Studio Solution File, Format Version 12.00
# Visual Studio Version 17
VisualStudioVersion = 17.4.33122.133
MinimumVisualStudioVersion = 10.0.40219.1
Project("{FAE04EC0-301F-11D3-BF4B-00C04F79EFBC}") = "Pet.Api", "Pet.Api\Pet.Api.csproj", "{E434B095-EA56-4F7D-BCD7-8B0030F60186}"
EndProject
Project("{FAE04EC0-301F-11D3-BF4B-00C04F79EFBC}") = "Pet.Api.Model", "Pet.Api.Model\Pet.Api.Model.csproj", "{ED921ED4-080C-41B5-820D-67323A333CFF}"
EndProject
Project("{FAE04EC0-301F-11D3-BF4B-00C04F79EFBC}") = "Pet.Api.Service", "Pet.Api.Service\Pet.Api.Service.csproj", "{4F43729F-B662-48D5-8153-B5BB9D8D58B5}"
EndProject
Project("{FAE04EC0-301F-11D3-BF4B-00C04F79EFBC}") = "Pet.Api.Repository", "Pet.Api.Repository\Pet.Api.Repository.csproj", "{3A0E37C4-3C95-475B-88A9-04AFECB00ACF}"
EndProject
Project("{FAE04EC0-301F-11D3-BF4B-00C04F79EFBC}") = "Pet.Api.Util", "Pet.Api.Util\Pet.Api.Util.csproj", "{E8EB48D4-E0E8-4BF7-B058-3DD979CE07B4}"
EndProject
Global
	GlobalSection(SolutionConfigurationPlatforms) = preSolution
		Debug|Any CPU = Debug|Any CPU
		Release|Any CPU = Release|Any CPU
	EndGlobalSection
	GlobalSection(ProjectConfigurationPlatforms) = postSolution
		{E434B095-EA56-4F7D-BCD7-8B0030F60186}.Debug|Any CPU.ActiveCfg = Debug|Any CPU
		{E434B095-EA56-4F7D-BCD7-8B0030F60186}.Debug|Any CPU.Build.0 = Debug|Any CPU
		{E434B095-EA56-4F7D-BCD7-8B0030F60186}.Release|Any CPU.ActiveCfg = Release|Any CPU
		{E434B095-EA56-4F7D-BCD7-8B0030F60186}.Release|Any CPU.Build.0 = Release|Any CPU
		{ED921ED4-080C-41B5-820D-67323A333CFF}.Debug|Any CPU.ActiveCfg = Debug|Any CPU
		{ED921ED4-080C-41B5-820D-67323A333CFF}.Debug|Any CPU.Build.0 = Debug|Any CPU
		{ED921ED4-080C-41B5-820D-67323A333CFF}.Release|Any CPU.ActiveCfg = Release|Any CPU
		{ED921ED4-080C-41B5-820D-67323A333CFF}.Release|Any CPU.Build.0 = Release|Any CPU
		{4F43729F-B662-48D5-8153-B5BB9D8D58B5}.Debug|Any CPU.ActiveCfg = Debug|Any CPU
		{4F43729F-B662-48D5-8153-B5BB9D8D58B5}.Debug|Any CPU.Build.0 = Debug|Any CPU
		{4F43729F-B662-48D5-8153-B5BB9D8D58B5}.Release|Any CPU.ActiveCfg = Release|Any CPU
		{4F43729F-B662-48D5-8153-B5BB9D8D58B5}.Release|Any CPU.Build.0 = Release|Any CPU
		{3A0E37C4-3C95-475B-88A9-04AFECB00ACF}.Debug|Any CPU.ActiveCfg = Debug|Any CPU
		{3A0E37C4-3C95-475B-88A9-04AFECB00ACF}.Debug|Any CPU.Build.0 = Debug|Any CPU
		{3A0E37C4-3C95-475B-88A9-04AFECB00ACF}.Release|Any CPU.ActiveCfg = Release|Any CPU
		{3A0E37C4-3C95-475B-88A9-04AFECB00ACF}.Release|Any CPU.Build.0 = Release|Any CPU
		{E8EB48D4-E0E8-4BF7-B058-3DD979CE07B4}.Debug|Any CPU.ActiveCfg = Debug|Any CPU
		{E8EB48D4-E0E8-4BF7-B058-3DD979CE07B4}.Debug|Any CPU.Build.0 = Debug|Any CPU
		{E8EB48D4-E0E8-4BF7-B058-3DD979CE07B4}.Release|Any CPU.ActiveCfg = Release|Any CPU
		{E8EB48D4-E0E8-4BF7-B058-3DD979CE07B4}.Release|Any CPU.Build.0 = Release|Any CPU
	EndGlobalSection
	GlobalSection(SolutionProperties) = preSolution
		HideSolutionNode = FALSE
	EndGlobalSection
	GlobalSection(ExtensibilityGlobals) = postSolution
		SolutionGuid = {B8D08698-FB11-4007-B666-F8EA30366863}
	EndGlobalSection
EndGlobal
